
Microsoft Visual Studio Solution File, Format Version 12.00
# Visual Studio Version 17
VisualStudioVersion = 17.2.32210.308
MinimumVisualStudioVersion = 10.0.40219.1
Project("{FAE04EC0-301F-11D3-BF4B-00C04F79EFBC}") = "ToDoList", "ToDoList\ToDoList.csproj", "{F2C9E07A-6B3C-4A0F-89FA-B5C6ADEAFC01}"
EndProject
Global
	GlobalSection(SolutionConfigurationPlatforms) = preSolution
		Debug|Any CPU = Debug|Any CPU
		Release|Any CPU = Release|Any CPU
	EndGlobalSection
	GlobalSection(ProjectConfigurationPlatforms) = postSolution
		{F2C9E07A-6B3C-4A0F-89FA-B5C6ADEAFC01}.Debug|Any CPU.ActiveCfg = Debug|Any CPU
		{F2C9E07A-6B3C-4A0F-89FA-B5C6ADEAFC01}.Debug|Any CPU.Build.0 = Debug|Any CPU
		{F2C9E07A-6B3C-4A0F-89FA-B5C6ADEAFC01}.Release|Any CPU.ActiveCfg = Release|Any CPU
		{F2C9E07A-6B3C-4A0F-89FA-B5C6ADEAFC01}.Release|Any CPU.Build.0 = Release|Any CPU
	EndGlobalSection
	GlobalSection(SolutionProperties) = preSolution
		HideSolutionNode = FALSE
	EndGlobalSection
	GlobalSection(ExtensibilityGlobals) = postSolution
		SolutionGuid = {51CFD65C-7FF0-4E50-AF28-78EB0471B604}
	EndGlobalSection
EndGlobal
